// !$*UTF8*$!
{
	archiveVersion = 1;
	classes = {
	};
	objectVersion = 46;
	objects = {

/* Begin PBXBuildFile section */
		9C17E1721DE7CD2400942296 /* Main.storyboard in Resources */ = {isa = PBXBuildFile; fileRef = 9C17E1701DE7CD2400942296 /* Main.storyboard */; };
		9C17E1741DE7CD2400942296 /* Assets.xcassets in Resources */ = {isa = PBXBuildFile; fileRef = 9C17E1731DE7CD2400942296 /* Assets.xcassets */; };
		9C17E1771DE7CD2400942296 /* LaunchScreen.storyboard in Resources */ = {isa = PBXBuildFile; fileRef = 9C17E1751DE7CD2400942296 /* LaunchScreen.storyboard */; };
		9C17E1941DE7E1AD00942296 /* AppDelegate.swift in Sources */ = {isa = PBXBuildFile; fileRef = 9C17E1901DE7DF9D00942296 /* AppDelegate.swift */; };
		9C17E1951DE7E1AD00942296 /* ViewController.swift in Sources */ = {isa = PBXBuildFile; fileRef = 9C17E16E1DE7CD2400942296 /* ViewController.swift */; };
		9C17E1971DE8032A00942296 /* Cartfile in Resources */ = {isa = PBXBuildFile; fileRef = 9C17E1961DE8032A00942296 /* Cartfile */; };
		9C2F82FB1DE81DD9004D56F6 /* APIKit.framework in Frameworks */ = {isa = PBXBuildFile; fileRef = 9C2F82F31DE81DD9004D56F6 /* APIKit.framework */; };
		9C2F82FC1DE81DD9004D56F6 /* Himotoki.framework in Frameworks */ = {isa = PBXBuildFile; fileRef = 9C2F82F41DE81DD9004D56F6 /* Himotoki.framework */; };
		9C2F82FD1DE81DD9004D56F6 /* Realm.framework in Frameworks */ = {isa = PBXBuildFile; fileRef = 9C2F82F51DE81DD9004D56F6 /* Realm.framework */; };
		9C2F82FE1DE81DD9004D56F6 /* RealmSwift.framework in Frameworks */ = {isa = PBXBuildFile; fileRef = 9C2F82F61DE81DD9004D56F6 /* RealmSwift.framework */; };
		9C2F82FF1DE81DD9004D56F6 /* Result.framework in Frameworks */ = {isa = PBXBuildFile; fileRef = 9C2F82F71DE81DD9004D56F6 /* Result.framework */; };
		9C2F83001DE81DD9004D56F6 /* RxBlocking.framework in Frameworks */ = {isa = PBXBuildFile; fileRef = 9C2F82F81DE81DD9004D56F6 /* RxBlocking.framework */; };
		9C2F83011DE81DD9004D56F6 /* RxCocoa.framework in Frameworks */ = {isa = PBXBuildFile; fileRef = 9C2F82F91DE81DD9004D56F6 /* RxCocoa.framework */; };
		9C2F83021DE81DD9004D56F6 /* RxSwift.framework in Frameworks */ = {isa = PBXBuildFile; fileRef = 9C2F82FA1DE81DD9004D56F6 /* RxSwift.framework */; };
		9C52F6F41DFA6DC2009DCCFA /* BaseGatewayProtocol.swift in Sources */ = {isa = PBXBuildFile; fileRef = 9C52F6F31DFA6DC2009DCCFA /* BaseGatewayProtocol.swift */; };
		9C52F6F61DFA6DFC009DCCFA /* RealmDriver.swift in Sources */ = {isa = PBXBuildFile; fileRef = 9C52F6F51DFA6DFC009DCCFA /* RealmDriver.swift */; };
		9C52F6F81DFA6E3F009DCCFA /* SampleGateway.swift in Sources */ = {isa = PBXBuildFile; fileRef = 9C52F6F71DFA6E3F009DCCFA /* SampleGateway.swift */; };
		9C52F6FA1DFA6FC8009DCCFA /* SampleEntity.swift in Sources */ = {isa = PBXBuildFile; fileRef = 9C52F6F91DFA6FC8009DCCFA /* SampleEntity.swift */; };
		9C52F6FC1DFA7730009DCCFA /* ValueObjects.swift in Sources */ = {isa = PBXBuildFile; fileRef = 9C52F6FB1DFA7730009DCCFA /* ValueObjects.swift */; };
		9C52F7011DFA7A76009DCCFA /* BaseRequest.swift in Sources */ = {isa = PBXBuildFile; fileRef = 9C52F7001DFA7A76009DCCFA /* BaseRequest.swift */; };
		9C52F7031DFA7B4E009DCCFA /* GetSampleRequest.swift in Sources */ = {isa = PBXBuildFile; fileRef = 9C52F7021DFA7B4E009DCCFA /* GetSampleRequest.swift */; };
		9C52F7051DFA7B75009DCCFA /* GetSampleResponse.swift in Sources */ = {isa = PBXBuildFile; fileRef = 9C52F7041DFA7B75009DCCFA /* GetSampleResponse.swift */; };
		9C52F7071DFA7C29009DCCFA /* Session+Extension.swift in Sources */ = {isa = PBXBuildFile; fileRef = 9C52F7061DFA7C29009DCCFA /* Session+Extension.swift */; };
		9C52F70B1DFA7CAD009DCCFA /* DataSourceError.swift in Sources */ = {isa = PBXBuildFile; fileRef = 9C52F70A1DFA7CAD009DCCFA /* DataSourceError.swift */; };
		9C52F70D1DFA7D0A009DCCFA /* SampleRepository.swift in Sources */ = {isa = PBXBuildFile; fileRef = 9C52F70C1DFA7D0A009DCCFA /* SampleRepository.swift */; };
		9C52F70F1DFA7D36009DCCFA /* BaseRepository.swift in Sources */ = {isa = PBXBuildFile; fileRef = 9C52F70E1DFA7D36009DCCFA /* BaseRepository.swift */; };
		9C52F7111DFA7DBE009DCCFA /* RepositoryError.swift in Sources */ = {isa = PBXBuildFile; fileRef = 9C52F7101DFA7DBE009DCCFA /* RepositoryError.swift */; };
		9C52F7131DFA7E67009DCCFA /* SampleUseCase.swift in Sources */ = {isa = PBXBuildFile; fileRef = 9C52F7121DFA7E67009DCCFA /* SampleUseCase.swift */; };
		9C52F7151DFA7E74009DCCFA /* SampleViewModel.swift in Sources */ = {isa = PBXBuildFile; fileRef = 9C52F7141DFA7E74009DCCFA /* SampleViewModel.swift */; };
		9C52F7171DFA7F51009DCCFA /* SampleTranslator.swift in Sources */ = {isa = PBXBuildFile; fileRef = 9C52F7161DFA7F51009DCCFA /* SampleTranslator.swift */; };
		9C52F7191DFA804B009DCCFA /* Presenter.swift in Sources */ = {isa = PBXBuildFile; fileRef = 9C52F7181DFA804B009DCCFA /* Presenter.swift */; };
		9C84A88C1E250B07005D014D /* Date+Extension.swift in Sources */ = {isa = PBXBuildFile; fileRef = 9C84A88B1E250B07005D014D /* Date+Extension.swift */; };
/* End PBXBuildFile section */

/* Begin PBXFileReference section */
		9C17E1691DE7CD2400942296 /* iOS Clean Architecture.app */ = {isa = PBXFileReference; explicitFileType = wrapper.application; includeInIndex = 0; path = "iOS Clean Architecture.app"; sourceTree = BUILT_PRODUCTS_DIR; };
		9C17E16E1DE7CD2400942296 /* ViewController.swift */ = {isa = PBXFileReference; lastKnownFileType = sourcecode.swift; path = ViewController.swift; sourceTree = "<group>"; };
		9C17E1711DE7CD2400942296 /* Base */ = {isa = PBXFileReference; lastKnownFileType = file.storyboard; name = Base; path = Base.lproj/Main.storyboard; sourceTree = "<group>"; };
		9C17E1731DE7CD2400942296 /* Assets.xcassets */ = {isa = PBXFileReference; lastKnownFileType = folder.assetcatalog; path = Assets.xcassets; sourceTree = "<group>"; };
		9C17E1761DE7CD2400942296 /* Base */ = {isa = PBXFileReference; lastKnownFileType = file.storyboard; name = Base; path = Base.lproj/LaunchScreen.storyboard; sourceTree = "<group>"; };
		9C17E1781DE7CD2400942296 /* Info.plist */ = {isa = PBXFileReference; lastKnownFileType = text.plist.xml; path = Info.plist; sourceTree = "<group>"; };
		9C17E1901DE7DF9D00942296 /* AppDelegate.swift */ = {isa = PBXFileReference; fileEncoding = 4; lastKnownFileType = sourcecode.swift; path = AppDelegate.swift; sourceTree = "<group>"; };
		9C17E1961DE8032A00942296 /* Cartfile */ = {isa = PBXFileReference; fileEncoding = 4; lastKnownFileType = text; path = Cartfile; sourceTree = "<group>"; };
		9C2F82F31DE81DD9004D56F6 /* APIKit.framework */ = {isa = PBXFileReference; lastKnownFileType = wrapper.framework; name = APIKit.framework; path = Carthage/Build/iOS/APIKit.framework; sourceTree = "<group>"; };
		9C2F82F41DE81DD9004D56F6 /* Himotoki.framework */ = {isa = PBXFileReference; lastKnownFileType = wrapper.framework; name = Himotoki.framework; path = Carthage/Build/iOS/Himotoki.framework; sourceTree = "<group>"; };
		9C2F82F51DE81DD9004D56F6 /* Realm.framework */ = {isa = PBXFileReference; lastKnownFileType = wrapper.framework; name = Realm.framework; path = Carthage/Build/iOS/Realm.framework; sourceTree = "<group>"; };
		9C2F82F61DE81DD9004D56F6 /* RealmSwift.framework */ = {isa = PBXFileReference; lastKnownFileType = wrapper.framework; name = RealmSwift.framework; path = Carthage/Build/iOS/RealmSwift.framework; sourceTree = "<group>"; };
		9C2F82F71DE81DD9004D56F6 /* Result.framework */ = {isa = PBXFileReference; lastKnownFileType = wrapper.framework; name = Result.framework; path = Carthage/Build/iOS/Result.framework; sourceTree = "<group>"; };
		9C2F82F81DE81DD9004D56F6 /* RxBlocking.framework */ = {isa = PBXFileReference; lastKnownFileType = wrapper.framework; name = RxBlocking.framework; path = Carthage/Build/iOS/RxBlocking.framework; sourceTree = "<group>"; };
		9C2F82F91DE81DD9004D56F6 /* RxCocoa.framework */ = {isa = PBXFileReference; lastKnownFileType = wrapper.framework; name = RxCocoa.framework; path = Carthage/Build/iOS/RxCocoa.framework; sourceTree = "<group>"; };
		9C2F82FA1DE81DD9004D56F6 /* RxSwift.framework */ = {isa = PBXFileReference; lastKnownFileType = wrapper.framework; name = RxSwift.framework; path = Carthage/Build/iOS/RxSwift.framework; sourceTree = "<group>"; };
		9C52F6F31DFA6DC2009DCCFA /* BaseGatewayProtocol.swift */ = {isa = PBXFileReference; fileEncoding = 4; lastKnownFileType = sourcecode.swift; path = BaseGatewayProtocol.swift; sourceTree = "<group>"; };
		9C52F6F51DFA6DFC009DCCFA /* RealmDriver.swift */ = {isa = PBXFileReference; fileEncoding = 4; lastKnownFileType = sourcecode.swift; path = RealmDriver.swift; sourceTree = "<group>"; };
		9C52F6F71DFA6E3F009DCCFA /* SampleGateway.swift */ = {isa = PBXFileReference; fileEncoding = 4; lastKnownFileType = sourcecode.swift; path = SampleGateway.swift; sourceTree = "<group>"; };
		9C52F6F91DFA6FC8009DCCFA /* SampleEntity.swift */ = {isa = PBXFileReference; fileEncoding = 4; lastKnownFileType = sourcecode.swift; path = SampleEntity.swift; sourceTree = "<group>"; };
		9C52F6FB1DFA7730009DCCFA /* ValueObjects.swift */ = {isa = PBXFileReference; fileEncoding = 4; lastKnownFileType = sourcecode.swift; path = ValueObjects.swift; sourceTree = "<group>"; };
		9C52F7001DFA7A76009DCCFA /* BaseRequest.swift */ = {isa = PBXFileReference; fileEncoding = 4; lastKnownFileType = sourcecode.swift; path = BaseRequest.swift; sourceTree = "<group>"; };
		9C52F7021DFA7B4E009DCCFA /* GetSampleRequest.swift */ = {isa = PBXFileReference; fileEncoding = 4; lastKnownFileType = sourcecode.swift; path = GetSampleRequest.swift; sourceTree = "<group>"; };
		9C52F7041DFA7B75009DCCFA /* GetSampleResponse.swift */ = {isa = PBXFileReference; fileEncoding = 4; lastKnownFileType = sourcecode.swift; path = GetSampleResponse.swift; sourceTree = "<group>"; };
		9C52F7061DFA7C29009DCCFA /* Session+Extension.swift */ = {isa = PBXFileReference; fileEncoding = 4; lastKnownFileType = sourcecode.swift; path = "Session+Extension.swift"; sourceTree = "<group>"; };
		9C52F70A1DFA7CAD009DCCFA /* DataSourceError.swift */ = {isa = PBXFileReference; fileEncoding = 4; lastKnownFileType = sourcecode.swift; path = DataSourceError.swift; sourceTree = "<group>"; };
		9C52F70C1DFA7D0A009DCCFA /* SampleRepository.swift */ = {isa = PBXFileReference; fileEncoding = 4; lastKnownFileType = sourcecode.swift; path = SampleRepository.swift; sourceTree = "<group>"; };
		9C52F70E1DFA7D36009DCCFA /* BaseRepository.swift */ = {isa = PBXFileReference; fileEncoding = 4; lastKnownFileType = sourcecode.swift; path = BaseRepository.swift; sourceTree = "<group>"; };
		9C52F7101DFA7DBE009DCCFA /* RepositoryError.swift */ = {isa = PBXFileReference; fileEncoding = 4; lastKnownFileType = sourcecode.swift; path = RepositoryError.swift; sourceTree = "<group>"; };
		9C52F7121DFA7E67009DCCFA /* SampleUseCase.swift */ = {isa = PBXFileReference; fileEncoding = 4; lastKnownFileType = sourcecode.swift; path = SampleUseCase.swift; sourceTree = "<group>"; };
		9C52F7141DFA7E74009DCCFA /* SampleViewModel.swift */ = {isa = PBXFileReference; fileEncoding = 4; lastKnownFileType = sourcecode.swift; path = SampleViewModel.swift; sourceTree = "<group>"; };
		9C52F7161DFA7F51009DCCFA /* SampleTranslator.swift */ = {isa = PBXFileReference; fileEncoding = 4; lastKnownFileType = sourcecode.swift; path = SampleTranslator.swift; sourceTree = "<group>"; };
		9C52F7181DFA804B009DCCFA /* Presenter.swift */ = {isa = PBXFileReference; fileEncoding = 4; lastKnownFileType = sourcecode.swift; path = Presenter.swift; sourceTree = "<group>"; };
		9C84A88B1E250B07005D014D /* Date+Extension.swift */ = {isa = PBXFileReference; fileEncoding = 4; lastKnownFileType = sourcecode.swift; path = "Date+Extension.swift"; sourceTree = "<group>"; };
/* End PBXFileReference section */

/* Begin PBXFrameworksBuildPhase section */
		9C17E1661DE7CD2400942296 /* Frameworks */ = {
			isa = PBXFrameworksBuildPhase;
			buildActionMask = 2147483647;
			files = (
				9C2F82FB1DE81DD9004D56F6 /* APIKit.framework in Frameworks */,
				9C2F82FC1DE81DD9004D56F6 /* Himotoki.framework in Frameworks */,
				9C2F82FD1DE81DD9004D56F6 /* Realm.framework in Frameworks */,
				9C2F82FE1DE81DD9004D56F6 /* RealmSwift.framework in Frameworks */,
				9C2F82FF1DE81DD9004D56F6 /* Result.framework in Frameworks */,
				9C2F83001DE81DD9004D56F6 /* RxBlocking.framework in Frameworks */,
				9C2F83011DE81DD9004D56F6 /* RxCocoa.framework in Frameworks */,
				9C2F83021DE81DD9004D56F6 /* RxSwift.framework in Frameworks */,
			);
			runOnlyForDeploymentPostprocessing = 0;
		};
/* End PBXFrameworksBuildPhase section */

/* Begin PBXGroup section */
		9C17E1601DE7CD2400942296 = {
			isa = PBXGroup;
			children = (
				9C17E16B1DE7CD2400942296 /* iOS Clean Architecture */,
				9C17E16A1DE7CD2400942296 /* Products */,
				9C17E1961DE8032A00942296 /* Cartfile */,
				9C2F82F21DE81DD9004D56F6 /* Frameworks */,
			);
			sourceTree = "<group>";
		};
		9C17E16A1DE7CD2400942296 /* Products */ = {
			isa = PBXGroup;
			children = (
				9C17E1691DE7CD2400942296 /* iOS Clean Architecture.app */,
			);
			name = Products;
			sourceTree = "<group>";
		};
		9C17E16B1DE7CD2400942296 /* iOS Clean Architecture */ = {
			isa = PBXGroup;
			children = (
				9C17E17E1DE7CDCC00942296 /* Classes */,
				9C17E1701DE7CD2400942296 /* Main.storyboard */,
				9C17E1731DE7CD2400942296 /* Assets.xcassets */,
				9C17E1751DE7CD2400942296 /* LaunchScreen.storyboard */,
				9C17E1781DE7CD2400942296 /* Info.plist */,
			);
			path = "iOS Clean Architecture";
			sourceTree = "<group>";
		};
		9C17E17E1DE7CDCC00942296 /* Classes */ = {
			isa = PBXGroup;
			children = (
				9C17E18B1DE7D91F00942296 /* Entities */,
				9C52F7091DFA7C98009DCCFA /* Errors */,
				9C2F82F01DE81742004D56F6 /* Presenters */,
				9C17E17F1DE7D6CE00942296 /* DataSources */,
				9C17E1801DE7D6E000942296 /* Domains */,
				9C17E1811DE7D6E500942296 /* Repositories */,
				9C17E1821DE7D7E400942296 /* Utils */,
				9C17E1901DE7DF9D00942296 /* AppDelegate.swift */,
				9C17E16E1DE7CD2400942296 /* ViewController.swift */,
				9C52F7181DFA804B009DCCFA /* Presenter.swift */,
			);
			path = Classes;
			sourceTree = "<group>";
		};
		9C17E17F1DE7D6CE00942296 /* DataSources */ = {
			isa = PBXGroup;
			children = (
				9C52F6FD1DFA7A2D009DCCFA /* APIs */,
				9C17E18C1DE7D97A00942296 /* Drivers */,
				9C17E18A1DE7D91200942296 /* Gateways */,
			);
			path = DataSources;
			sourceTree = "<group>";
		};
		9C17E1801DE7D6E000942296 /* Domains */ = {
			isa = PBXGroup;
			children = (
				9C17E1891DE7D8C900942296 /* Translators */,
				9C17E1861DE7D86600942296 /* UseCases */,
				9C17E1881DE7D8A700942296 /* ViewModels */,
			);
			path = Domains;
			sourceTree = "<group>";
		};
		9C17E1811DE7D6E500942296 /* Repositories */ = {
			isa = PBXGroup;
			children = (
				9C52F70E1DFA7D36009DCCFA /* BaseRepository.swift */,
				9C52F70C1DFA7D0A009DCCFA /* SampleRepository.swift */,
			);
			path = Repositories;
			sourceTree = "<group>";
		};
		9C17E1821DE7D7E400942296 /* Utils */ = {
			isa = PBXGroup;
			children = (
				9C17E1831DE7D7FD00942296 /* Extensions */,
			);
			path = Utils;
			sourceTree = "<group>";
		};
		9C17E1831DE7D7FD00942296 /* Extensions */ = {
			isa = PBXGroup;
			children = (
				9C84A88B1E250B07005D014D /* Date+Extension.swift */,
				9C52F7061DFA7C29009DCCFA /* Session+Extension.swift */,
			);
			path = Extensions;
			sourceTree = "<group>";
		};
		9C17E1841DE7D83500942296 /* ViewControllers */ = {
			isa = PBXGroup;
			children = (
			);
			path = ViewControllers;
			sourceTree = "<group>";
		};
		9C17E1851DE7D85200942296 /* Views */ = {
			isa = PBXGroup;
			children = (
			);
			name = Views;
			path = ViewControllers/Views;
			sourceTree = "<group>";
		};
		9C17E1861DE7D86600942296 /* UseCases */ = {
			isa = PBXGroup;
			children = (
				9C52F7121DFA7E67009DCCFA /* SampleUseCase.swift */,
			);
			path = UseCases;
			sourceTree = "<group>";
		};
		9C17E1881DE7D8A700942296 /* ViewModels */ = {
			isa = PBXGroup;
			children = (
				9C52F7141DFA7E74009DCCFA /* SampleViewModel.swift */,
			);
			path = ViewModels;
			sourceTree = "<group>";
		};
		9C17E1891DE7D8C900942296 /* Translators */ = {
			isa = PBXGroup;
			children = (
				9C52F7161DFA7F51009DCCFA /* SampleTranslator.swift */,
			);
			path = Translators;
			sourceTree = "<group>";
		};
		9C17E18A1DE7D91200942296 /* Gateways */ = {
			isa = PBXGroup;
			children = (
				9C52F6F31DFA6DC2009DCCFA /* BaseGatewayProtocol.swift */,
				9C52F6F71DFA6E3F009DCCFA /* SampleGateway.swift */,
			);
			path = Gateways;
			sourceTree = "<group>";
		};
		9C17E18B1DE7D91F00942296 /* Entities */ = {
			isa = PBXGroup;
			children = (
				9C17E18D1DE7DA2A00942296 /* ValueObjects */,
				9C52F6F91DFA6FC8009DCCFA /* SampleEntity.swift */,
			);
			path = Entities;
			sourceTree = "<group>";
		};
		9C17E18C1DE7D97A00942296 /* Drivers */ = {
			isa = PBXGroup;
			children = (
				9C52F6F51DFA6DFC009DCCFA /* RealmDriver.swift */,
			);
			path = Drivers;
			sourceTree = "<group>";
		};
		9C17E18D1DE7DA2A00942296 /* ValueObjects */ = {
			isa = PBXGroup;
			children = (
				9C52F6FB1DFA7730009DCCFA /* ValueObjects.swift */,
			);
			path = ValueObjects;
			sourceTree = "<group>";
		};
		9C2F82F01DE81742004D56F6 /* Presenters */ = {
			isa = PBXGroup;
			children = (
				9C17E1841DE7D83500942296 /* ViewControllers */,
				9C17E1851DE7D85200942296 /* Views */,
			);
			name = Presenters;
			path = Presentations;
			sourceTree = "<group>";
		};
		9C2F82F21DE81DD9004D56F6 /* Frameworks */ = {
			isa = PBXGroup;
			children = (
				9C2F82F31DE81DD9004D56F6 /* APIKit.framework */,
				9C2F82F41DE81DD9004D56F6 /* Himotoki.framework */,
				9C2F82F51DE81DD9004D56F6 /* Realm.framework */,
				9C2F82F61DE81DD9004D56F6 /* RealmSwift.framework */,
				9C2F82F71DE81DD9004D56F6 /* Result.framework */,
				9C2F82F81DE81DD9004D56F6 /* RxBlocking.framework */,
				9C2F82F91DE81DD9004D56F6 /* RxCocoa.framework */,
				9C2F82FA1DE81DD9004D56F6 /* RxSwift.framework */,
			);
			name = Frameworks;
			sourceTree = "<group>";
		};
		9C52F6FD1DFA7A2D009DCCFA /* APIs */ = {
			isa = PBXGroup;
			children = (
				9C52F6FE1DFA7A34009DCCFA /* Requests */,
				9C52F6FF1DFA7A51009DCCFA /* Responses */,
			);
			path = APIs;
			sourceTree = "<group>";
		};
		9C52F6FE1DFA7A34009DCCFA /* Requests */ = {
			isa = PBXGroup;
			children = (
				9C52F7001DFA7A76009DCCFA /* BaseRequest.swift */,
				9C52F7021DFA7B4E009DCCFA /* GetSampleRequest.swift */,
			);
			path = Requests;
			sourceTree = "<group>";
		};
		9C52F6FF1DFA7A51009DCCFA /* Responses */ = {
			isa = PBXGroup;
			children = (
				9C52F7041DFA7B75009DCCFA /* GetSampleResponse.swift */,
			);
			path = Responses;
			sourceTree = "<group>";
		};
		9C52F7091DFA7C98009DCCFA /* Errors */ = {
			isa = PBXGroup;
			children = (
				9C52F70A1DFA7CAD009DCCFA /* DataSourceError.swift */,
				9C52F7101DFA7DBE009DCCFA /* RepositoryError.swift */,
			);
			path = Errors;
			sourceTree = "<group>";
		};
/* End PBXGroup section */

/* Begin PBXNativeTarget section */
		9C17E1681DE7CD2400942296 /* iOS Clean Architecture */ = {
			isa = PBXNativeTarget;
			buildConfigurationList = 9C17E17B1DE7CD2400942296 /* Build configuration list for PBXNativeTarget "iOS Clean Architecture" */;
			buildPhases = (
				9C17E1651DE7CD2400942296 /* Sources */,
				9C17E1661DE7CD2400942296 /* Frameworks */,
				9C17E1671DE7CD2400942296 /* Resources */,
				9C2F82F11DE81C07004D56F6 /* carthage copy-frameworks */,
			);
			buildRules = (
			);
			dependencies = (
			);
			name = "iOS Clean Architecture";
			productName = "iOS Clean Architecture";
			productReference = 9C17E1691DE7CD2400942296 /* iOS Clean Architecture.app */;
			productType = "com.apple.product-type.application";
		};
/* End PBXNativeTarget section */

/* Begin PBXProject section */
		9C17E1611DE7CD2400942296 /* Project object */ = {
			isa = PBXProject;
			attributes = {
				LastSwiftUpdateCheck = 0810;
				LastUpgradeCheck = 0810;
				ORGANIZATIONNAME = in.hayam;
				TargetAttributes = {
					9C17E1681DE7CD2400942296 = {
						CreatedOnToolsVersion = 8.1;
						ProvisioningStyle = Automatic;
					};
				};
			};
			buildConfigurationList = 9C17E1641DE7CD2400942296 /* Build configuration list for PBXProject "iOS Clean Architecture" */;
			compatibilityVersion = "Xcode 3.2";
			developmentRegion = English;
			hasScannedForEncodings = 0;
			knownRegions = (
				en,
				Base,
			);
			mainGroup = 9C17E1601DE7CD2400942296;
			productRefGroup = 9C17E16A1DE7CD2400942296 /* Products */;
			projectDirPath = "";
			projectRoot = "";
			targets = (
				9C17E1681DE7CD2400942296 /* iOS Clean Architecture */,
			);
		};
/* End PBXProject section */

/* Begin PBXResourcesBuildPhase section */
		9C17E1671DE7CD2400942296 /* Resources */ = {
			isa = PBXResourcesBuildPhase;
			buildActionMask = 2147483647;
			files = (
				9C17E1771DE7CD2400942296 /* LaunchScreen.storyboard in Resources */,
				9C17E1741DE7CD2400942296 /* Assets.xcassets in Resources */,
				9C17E1971DE8032A00942296 /* Cartfile in Resources */,
				9C17E1721DE7CD2400942296 /* Main.storyboard in Resources */,
			);
			runOnlyForDeploymentPostprocessing = 0;
		};
/* End PBXResourcesBuildPhase section */

/* Begin PBXShellScriptBuildPhase section */
		9C2F82F11DE81C07004D56F6 /* carthage copy-frameworks */ = {
			isa = PBXShellScriptBuildPhase;
			buildActionMask = 2147483647;
			files = (
			);
			inputPaths = (
				"$(SRCROOT)/Carthage/Build/iOS/APIKit.framework",
				"$(SRCROOT)/Carthage/Build/iOS/Himotoki.framework",
				"$(SRCROOT)/Carthage/Build/iOS/Realm.framework",
				"$(SRCROOT)/Carthage/Build/iOS/RealmSwift.framework",
				"$(SRCROOT)/Carthage/Build/iOS/Result.framework",
				"$(SRCROOT)/Carthage/Build/iOS/RxBlocking.framework",
				"$(SRCROOT)/Carthage/Build/iOS/RxCocoa.framework",
				"$(SRCROOT)/Carthage/Build/iOS/RxSwift.framework",
			);
			name = "carthage copy-frameworks";
			outputPaths = (
			);
			runOnlyForDeploymentPostprocessing = 0;
			shellPath = /bin/sh;
			shellScript = "/usr/local/bin/carthage copy-frameworks";
		};
/* End PBXShellScriptBuildPhase section */

/* Begin PBXSourcesBuildPhase section */
		9C17E1651DE7CD2400942296 /* Sources */ = {
			isa = PBXSourcesBuildPhase;
			buildActionMask = 2147483647;
			files = (
				9C52F7011DFA7A76009DCCFA /* BaseRequest.swift in Sources */,
				9C52F7191DFA804B009DCCFA /* Presenter.swift in Sources */,
				9C17E1941DE7E1AD00942296 /* AppDelegate.swift in Sources */,
				9C52F6FC1DFA7730009DCCFA /* ValueObjects.swift in Sources */,
				9C52F6F61DFA6DFC009DCCFA /* RealmDriver.swift in Sources */,
				9C84A88C1E250B07005D014D /* Date+Extension.swift in Sources */,
				9C52F7071DFA7C29009DCCFA /* Session+Extension.swift in Sources */,
				9C52F7111DFA7DBE009DCCFA /* RepositoryError.swift in Sources */,
				9C52F70D1DFA7D0A009DCCFA /* SampleRepository.swift in Sources */,
				9C52F7151DFA7E74009DCCFA /* SampleViewModel.swift in Sources */,
				9C52F70B1DFA7CAD009DCCFA /* DataSourceError.swift in Sources */,
				9C52F7171DFA7F51009DCCFA /* SampleTranslator.swift in Sources */,
				9C52F6F81DFA6E3F009DCCFA /* SampleGateway.swift in Sources */,
				9C52F7131DFA7E67009DCCFA /* SampleUseCase.swift in Sources */,
				9C52F70F1DFA7D36009DCCFA /* BaseRepository.swift in Sources */,
				9C52F7051DFA7B75009DCCFA /* GetSampleResponse.swift in Sources */,
				9C17E1951DE7E1AD00942296 /* ViewController.swift in Sources */,
				9C52F6FA1DFA6FC8009DCCFA /* SampleEntity.swift in Sources */,
				9C52F7031DFA7B4E009DCCFA /* GetSampleRequest.swift in Sources */,
				9C52F6F41DFA6DC2009DCCFA /* BaseGatewayProtocol.swift in Sources */,
			);
			runOnlyForDeploymentPostprocessing = 0;
		};
/* End PBXSourcesBuildPhase section */

/* Begin PBXVariantGroup section */
		9C17E1701DE7CD2400942296 /* Main.storyboard */ = {
			isa = PBXVariantGroup;
			children = (
				9C17E1711DE7CD2400942296 /* Base */,
			);
			name = Main.storyboard;
			sourceTree = "<group>";
		};
		9C17E1751DE7CD2400942296 /* LaunchScreen.storyboard */ = {
			isa = PBXVariantGroup;
			children = (
				9C17E1761DE7CD2400942296 /* Base */,
			);
			name = LaunchScreen.storyboard;
			sourceTree = "<group>";
		};
/* End PBXVariantGroup section */

/* Begin XCBuildConfiguration section */
		9C17E1791DE7CD2400942296 /* Debug */ = {
			isa = XCBuildConfiguration;
			buildSettings = {
				ALWAYS_SEARCH_USER_PATHS = NO;
				CLANG_ANALYZER_NONNULL = YES;
				CLANG_CXX_LANGUAGE_STANDARD = "gnu++0x";
				CLANG_CXX_LIBRARY = "libc++";
				CLANG_ENABLE_MODULES = YES;
				CLANG_ENABLE_OBJC_ARC = YES;
				CLANG_WARN_BOOL_CONVERSION = YES;
				CLANG_WARN_CONSTANT_CONVERSION = YES;
				CLANG_WARN_DIRECT_OBJC_ISA_USAGE = YES_ERROR;
				CLANG_WARN_DOCUMENTATION_COMMENTS = YES;
				CLANG_WARN_EMPTY_BODY = YES;
				CLANG_WARN_ENUM_CONVERSION = YES;
				CLANG_WARN_INFINITE_RECURSION = YES;
				CLANG_WARN_INT_CONVERSION = YES;
				CLANG_WARN_OBJC_ROOT_CLASS = YES_ERROR;
				CLANG_WARN_SUSPICIOUS_MOVES = YES;
				CLANG_WARN_UNREACHABLE_CODE = YES;
				CLANG_WARN__DUPLICATE_METHOD_MATCH = YES;
				"CODE_SIGN_IDENTITY[sdk=iphoneos*]" = "iPhone Developer";
				COPY_PHASE_STRIP = NO;
				DEBUG_INFORMATION_FORMAT = dwarf;
				ENABLE_STRICT_OBJC_MSGSEND = YES;
				ENABLE_TESTABILITY = YES;
				GCC_C_LANGUAGE_STANDARD = gnu99;
				GCC_DYNAMIC_NO_PIC = NO;
				GCC_NO_COMMON_BLOCKS = YES;
				GCC_OPTIMIZATION_LEVEL = 0;
				GCC_PREPROCESSOR_DEFINITIONS = (
					"DEBUG=1",
					"$(inherited)",
				);
				GCC_WARN_64_TO_32_BIT_CONVERSION = YES;
				GCC_WARN_ABOUT_RETURN_TYPE = YES_ERROR;
				GCC_WARN_UNDECLARED_SELECTOR = YES;
				GCC_WARN_UNINITIALIZED_AUTOS = YES_AGGRESSIVE;
				GCC_WARN_UNUSED_FUNCTION = YES;
				GCC_WARN_UNUSED_VARIABLE = YES;
				IPHONEOS_DEPLOYMENT_TARGET = 10.1;
				MTL_ENABLE_DEBUG_INFO = YES;
				ONLY_ACTIVE_ARCH = YES;
				SDKROOT = iphoneos;
				SWIFT_ACTIVE_COMPILATION_CONDITIONS = DEBUG;
				SWIFT_OPTIMIZATION_LEVEL = "-Onone";
			};
			name = Debug;
		};
		9C17E17A1DE7CD2400942296 /* Release */ = {
			isa = XCBuildConfiguration;
			buildSettings = {
				ALWAYS_SEARCH_USER_PATHS = NO;
				CLANG_ANALYZER_NONNULL = YES;
				CLANG_CXX_LANGUAGE_STANDARD = "gnu++0x";
				CLANG_CXX_LIBRARY = "libc++";
				CLANG_ENABLE_MODULES = YES;
				CLANG_ENABLE_OBJC_ARC = YES;
				CLANG_WARN_BOOL_CONVERSION = YES;
				CLANG_WARN_CONSTANT_CONVERSION = YES;
				CLANG_WARN_DIRECT_OBJC_ISA_USAGE = YES_ERROR;
				CLANG_WARN_DOCUMENTATION_COMMENTS = YES;
				CLANG_WARN_EMPTY_BODY = YES;
				CLANG_WARN_ENUM_CONVERSION = YES;
				CLANG_WARN_INFINITE_RECURSION = YES;
				CLANG_WARN_INT_CONVERSION = YES;
				CLANG_WARN_OBJC_ROOT_CLASS = YES_ERROR;
				CLANG_WARN_SUSPICIOUS_MOVES = YES;
				CLANG_WARN_UNREACHABLE_CODE = YES;
				CLANG_WARN__DUPLICATE_METHOD_MATCH = YES;
				"CODE_SIGN_IDENTITY[sdk=iphoneos*]" = "iPhone Developer";
				COPY_PHASE_STRIP = NO;
				DEBUG_INFORMATION_FORMAT = "dwarf-with-dsym";
				ENABLE_NS_ASSERTIONS = NO;
				ENABLE_STRICT_OBJC_MSGSEND = YES;
				GCC_C_LANGUAGE_STANDARD = gnu99;
				GCC_NO_COMMON_BLOCKS = YES;
				GCC_WARN_64_TO_32_BIT_CONVERSION = YES;
				GCC_WARN_ABOUT_RETURN_TYPE = YES_ERROR;
				GCC_WARN_UNDECLARED_SELECTOR = YES;
				GCC_WARN_UNINITIALIZED_AUTOS = YES_AGGRESSIVE;
				GCC_WARN_UNUSED_FUNCTION = YES;
				GCC_WARN_UNUSED_VARIABLE = YES;
				IPHONEOS_DEPLOYMENT_TARGET = 10.1;
				MTL_ENABLE_DEBUG_INFO = NO;
				SDKROOT = iphoneos;
				SWIFT_OPTIMIZATION_LEVEL = "-Owholemodule";
				VALIDATE_PRODUCT = YES;
			};
			name = Release;
		};
		9C17E17C1DE7CD2400942296 /* Debug */ = {
			isa = XCBuildConfiguration;
			buildSettings = {
				ASSETCATALOG_COMPILER_APPICON_NAME = AppIcon;
				FRAMEWORK_SEARCH_PATHS = (
					"$(inherited)",
					"$(PROJECT_DIR)/Carthage/Build/iOS",
				);
				INFOPLIST_FILE = "$(SRCROOT)/iOS Clean Architecture/Info.plist";
				LD_RUNPATH_SEARCH_PATHS = "$(inherited) @executable_path/Frameworks";
				PRODUCT_BUNDLE_IDENTIFIER = "in.hayam.iOS-Clean-Architecture";
				PRODUCT_NAME = "$(TARGET_NAME)";
				SWIFT_VERSION = 3.0;
			};
			name = Debug;
		};
		9C17E17D1DE7CD2400942296 /* Release */ = {
			isa = XCBuildConfiguration;
			buildSettings = {
				ASSETCATALOG_COMPILER_APPICON_NAME = AppIcon;
				FRAMEWORK_SEARCH_PATHS = (
					"$(inherited)",
					"$(PROJECT_DIR)/Carthage/Build/iOS",
				);
				INFOPLIST_FILE = "$(SRCROOT)/iOS Clean Architecture/Info.plist";
				LD_RUNPATH_SEARCH_PATHS = "$(inherited) @executable_path/Frameworks";
				PRODUCT_BUNDLE_IDENTIFIER = "in.hayam.iOS-Clean-Architecture";
				PRODUCT_NAME = "$(TARGET_NAME)";
				SWIFT_VERSION = 3.0;
			};
			name = Release;
		};
/* End XCBuildConfiguration section */

/* Begin XCConfigurationList section */
		9C17E1641DE7CD2400942296 /* Build configuration list for PBXProject "iOS Clean Architecture" */ = {
			isa = XCConfigurationList;
			buildConfigurations = (
				9C17E1791DE7CD2400942296 /* Debug */,
				9C17E17A1DE7CD2400942296 /* Release */,
			);
			defaultConfigurationIsVisible = 0;
			defaultConfigurationName = Release;
		};
		9C17E17B1DE7CD2400942296 /* Build configuration list for PBXNativeTarget "iOS Clean Architecture" */ = {
			isa = XCConfigurationList;
			buildConfigurations = (
				9C17E17C1DE7CD2400942296 /* Debug */,
				9C17E17D1DE7CD2400942296 /* Release */,
			);
			defaultConfigurationIsVisible = 0;
			defaultConfigurationName = Release;
		};
/* End XCConfigurationList section */
	};
	rootObject = 9C17E1611DE7CD2400942296 /* Project object */;
}
